
Microsoft Visual Studio Solution File, Format Version 12.00
# Visual Studio Version 17
VisualStudioVersion = 17.7.34024.191
MinimumVisualStudioVersion = 10.0.40219.1
Project("{FAE04EC0-301F-11D3-BF4B-00C04F79EFBC}") = "HospitalApp", "HospitalApp.csproj", "{92FDE0AA-7830-46A9-AB76-7A3522847091}"
EndProject
Global
	GlobalSection(SolutionConfigurationPlatforms) = preSolution
		Debug|Any CPU = Debug|Any CPU
		Release|Any CPU = Release|Any CPU
	EndGlobalSection
	GlobalSection(ProjectConfigurationPlatforms) = postSolution
		{92FDE0AA-7830-46A9-AB76-7A3522847091}.Debug|Any CPU.ActiveCfg = Debug|Any CPU
		{92FDE0AA-7830-46A9-AB76-7A3522847091}.Debug|Any CPU.Build.0 = Debug|Any CPU
		{92FDE0AA-7830-46A9-AB76-7A3522847091}.Release|Any CPU.ActiveCfg = Release|Any CPU
		{92FDE0AA-7830-46A9-AB76-7A3522847091}.Release|Any CPU.Build.0 = Release|Any CPU
	EndGlobalSection
	GlobalSection(SolutionProperties) = preSolution
		HideSolutionNode = FALSE
	EndGlobalSection
	GlobalSection(ExtensibilityGlobals) = postSolution
		SolutionGuid = {CB1D51B4-90E4-4B91-A3D6-7F42AB9DB4F1}
	EndGlobalSection
EndGlobal
